# THIS IS AN AUTOGENERATED FILE. DO NOT EDIT THIS FILE DIRECTLY.
# yarn lockfile v1


cropperjs@^1.5.11:
  version "1.5.11"
  resolved "https://registry.yarnpkg.com/cropperjs/-/cropperjs-1.5.11.tgz#502ae6d8ca098b124de6813601cca70015879fc0"
  integrity sha512-SJUeBBhtNBnnn+UrLKluhFRIXLJn7XFPv8QN1j49X5t+BIMwkgvDev541f96bmu8Xe0TgCx3gON22KmY/VddaA==
